{
  "name": "nyu_2434-p_set02-table_write",
  "version": "1.0.0",
  "lockfileVersion": 2,
  "requires": true,
  "packages": {
    "": {
      "name": "nyu_2434-p_set02-table_write",
      "version": "1.0.0",
      "license": "MIT",
      "dependencies": {
        "chance": "^1.1.8",
        "random-permutation": "*"
      }
    },
    "node_modules/chance": {
      "version": "1.1.8",
      "resolved": "https://registry.npmjs.org/chance/-/chance-1.1.8.tgz",
      "integrity": "sha512-v7fi5Hj2VbR6dJEGRWLmJBA83LJMS47pkAbmROFxHWd9qmE1esHRZW8Clf1Fhzr3rjxnNZVCjOEv/ivFxeIMtg=="
    },
    "node_modules/random-permutation": {
      "version": "0.0.0",
      "resolved": "https://registry.npmjs.org/random-permutation/-/random-permutation-0.0.0.tgz",
      "integrity": "sha1-EVHjPp35fQqDlZt54V/9pyVsw+8="
    }
  },
  "dependencies": {
    "chance": {
      "version": "1.1.8",
      "resolved": "https://registry.npmjs.org/chance/-/chance-1.1.8.tgz",
      "integrity": "sha512-v7fi5Hj2VbR6dJEGRWLmJBA83LJMS47pkAbmROFxHWd9qmE1esHRZW8Clf1Fhzr3rjxnNZVCjOEv/ivFxeIMtg=="
    },
    "random-permutation": {
      "version": "0.0.0",
      "resolved": "https://registry.npmjs.org/random-permutation/-/random-permutation-0.0.0.tgz",
      "integrity": "sha1-EVHjPp35fQqDlZt54V/9pyVsw+8="
    }
  }
}
